
Microsoft Visual Studio Solution File, Format Version 12.00
# Visual Studio Version 17
VisualStudioVersion = 17.4.33103.184
MinimumVisualStudioVersion = 10.0.40219.1
Project("{FAE04EC0-301F-11D3-BF4B-00C04F79EFBC}") = "APICRUD", "APICRUD\APICRUD.csproj", "{4AFDF389-AF0A-4613-91FF-A7A15E437C04}"
EndProject
Global
	GlobalSection(SolutionConfigurationPlatforms) = preSolution
		Debug|Any CPU = Debug|Any CPU
		Release|Any CPU = Release|Any CPU
	EndGlobalSection
	GlobalSection(ProjectConfigurationPlatforms) = postSolution
		{4AFDF389-AF0A-4613-91FF-A7A15E437C04}.Debug|Any CPU.ActiveCfg = Debug|Any CPU
		{4AFDF389-AF0A-4613-91FF-A7A15E437C04}.Debug|Any CPU.Build.0 = Debug|Any CPU
		{4AFDF389-AF0A-4613-91FF-A7A15E437C04}.Release|Any CPU.ActiveCfg = Release|Any CPU
		{4AFDF389-AF0A-4613-91FF-A7A15E437C04}.Release|Any CPU.Build.0 = Release|Any CPU
	EndGlobalSection
	GlobalSection(SolutionProperties) = preSolution
		HideSolutionNode = FALSE
	EndGlobalSection
	GlobalSection(ExtensibilityGlobals) = postSolution
		SolutionGuid = {59671E19-E352-4EBE-AE6A-86844B30ADD4}
	EndGlobalSection
EndGlobal
